// !$*UTF8*$!
{
	archiveVersion = 1;
	classes = {
	};
	objectVersion = 46;
	objects = {

/* Begin PBXBuildFile section */
		E3209EF41BE1B6DA00607240 /* AppDelegate.swift in Sources */ = {isa = PBXBuildFile; fileRef = E3209EF31BE1B6DA00607240 /* AppDelegate.swift */; };
		E3209EF61BE1B6DA00607240 /* ViewController.swift in Sources */ = {isa = PBXBuildFile; fileRef = E3209EF51BE1B6DA00607240 /* ViewController.swift */; };
		E3209EF91BE1B6DA00607240 /* Main.storyboard in Resources */ = {isa = PBXBuildFile; fileRef = E3209EF71BE1B6DA00607240 /* Main.storyboard */; };
		E3209EFB1BE1B6DA00607240 /* Assets.xcassets in Resources */ = {isa = PBXBuildFile; fileRef = E3209EFA1BE1B6DA00607240 /* Assets.xcassets */; };
		E3209EFE1BE1B6DA00607240 /* LaunchScreen.storyboard in Resources */ = {isa = PBXBuildFile; fileRef = E3209EFC1BE1B6DA00607240 /* LaunchScreen.storyboard */; };
		E3209F061BE1B77600607240 /* .gitignore in Resources */ = {isa = PBXBuildFile; fileRef = E3209F051BE1B77600607240 /* .gitignore */; settings = {ASSET_TAGS = (); }; };
/* End PBXBuildFile section */

/* Begin PBXFileReference section */
		E3209EF01BE1B6DA00607240 /* nwood-utils.app */ = {isa = PBXFileReference; explicitFileType = wrapper.application; includeInIndex = 0; path = "nwood-utils.app"; sourceTree = BUILT_PRODUCTS_DIR; };
		E3209EF31BE1B6DA00607240 /* AppDelegate.swift */ = {isa = PBXFileReference; lastKnownFileType = sourcecode.swift; path = AppDelegate.swift; sourceTree = "<group>"; };
		E3209EF51BE1B6DA00607240 /* ViewController.swift */ = {isa = PBXFileReference; lastKnownFileType = sourcecode.swift; path = ViewController.swift; sourceTree = "<group>"; };
		E3209EF81BE1B6DA00607240 /* Base */ = {isa = PBXFileReference; lastKnownFileType = file.storyboard; name = Base; path = Base.lproj/Main.storyboard; sourceTree = "<group>"; };
		E3209EFA1BE1B6DA00607240 /* Assets.xcassets */ = {isa = PBXFileReference; lastKnownFileType = folder.assetcatalog; path = Assets.xcassets; sourceTree = "<group>"; };
		E3209EFD1BE1B6DA00607240 /* Base */ = {isa = PBXFileReference; lastKnownFileType = file.storyboard; name = Base; path = Base.lproj/LaunchScreen.storyboard; sourceTree = "<group>"; };
		E3209EFF1BE1B6DA00607240 /* Info.plist */ = {isa = PBXFileReference; lastKnownFileType = text.plist.xml; path = Info.plist; sourceTree = "<group>"; };
		E3209F051BE1B77600607240 /* .gitignore */ = {isa = PBXFileReference; fileEncoding = 4; lastKnownFileType = text; name = .gitignore; path = "nwood-utils/.gitignore"; sourceTree = "<group>"; };
/* End PBXFileReference section */

/* Begin PBXFrameworksBuildPhase section */
		E3209EED1BE1B6DA00607240 /* Frameworks */ = {
			isa = PBXFrameworksBuildPhase;
			buildActionMask = 2147483647;
			files = (
			);
			runOnlyForDeploymentPostprocessing = 0;
		};
/* End PBXFrameworksBuildPhase section */

/* Begin PBXGroup section */
		E3209EE71BE1B6DA00607240 = {
			isa = PBXGroup;
			children = (
				E3209F051BE1B77600607240 /* .gitignore */,
				E3209EF21BE1B6DA00607240 /* nwood-utils */,
				E3209EF11BE1B6DA00607240 /* Products */,
			);
			sourceTree = "<group>";
		};
		E3209EF11BE1B6DA00607240 /* Products */ = {
			isa = PBXGroup;
			children = (
				E3209EF01BE1B6DA00607240 /* nwood-utils.app */,
			);
			name = Products;
			sourceTree = "<group>";
		};
		E3209EF21BE1B6DA00607240 /* nwood-utils */ = {
			isa = PBXGroup;
			children = (
				E3209EF31BE1B6DA00607240 /* AppDelegate.swift */,
				E3209EF51BE1B6DA00607240 /* ViewController.swift */,
				E3209EF71BE1B6DA00607240 /* Main.storyboard */,
				E3209EFA1BE1B6DA00607240 /* Assets.xcassets */,
				E3209EFC1BE1B6DA00607240 /* LaunchScreen.storyboard */,
				E3209EFF1BE1B6DA00607240 /* Info.plist */,
			);
			path = "nwood-utils";
			sourceTree = "<group>";
		};
/* End PBXGroup section */

/* Begin PBXNativeTarget section */
		E3209EEF1BE1B6DA00607240 /* nwood-utils */ = {
			isa = PBXNativeTarget;
			buildConfigurationList = E3209F021BE1B6DA00607240 /* Build configuration list for PBXNativeTarget "nwood-utils" */;
			buildPhases = (
				E3209EEC1BE1B6DA00607240 /* Sources */,
				E3209EED1BE1B6DA00607240 /* Frameworks */,
				E3209EEE1BE1B6DA00607240 /* Resources */,
			);
			buildRules = (
			);
			dependencies = (
			);
			name = "nwood-utils";
			productName = "nwood-utils";
			productReference = E3209EF01BE1B6DA00607240 /* nwood-utils.app */;
			productType = "com.apple.product-type.application";
		};
/* End PBXNativeTarget section */

/* Begin PBXProject section */
		E3209EE81BE1B6DA00607240 /* Project object */ = {
			isa = PBXProject;
			attributes = {
				LastUpgradeCheck = 0700;
				ORGANIZATIONNAME = "Nicholis Wood";
				TargetAttributes = {
					E3209EEF1BE1B6DA00607240 = {
						CreatedOnToolsVersion = 7.0.1;
						DevelopmentTeam = 9L82S744KF;
					};
				};
			};
			buildConfigurationList = E3209EEB1BE1B6DA00607240 /* Build configuration list for PBXProject "nwood-utils" */;
			compatibilityVersion = "Xcode 3.2";
			developmentRegion = English;
			hasScannedForEncodings = 0;
			knownRegions = (
				en,
				Base,
			);
			mainGroup = E3209EE71BE1B6DA00607240;
			productRefGroup = E3209EF11BE1B6DA00607240 /* Products */;
			projectDirPath = "";
			projectRoot = "";
			targets = (
				E3209EEF1BE1B6DA00607240 /* nwood-utils */,
			);
		};
/* End PBXProject section */

/* Begin PBXResourcesBuildPhase section */
		E3209EEE1BE1B6DA00607240 /* Resources */ = {
			isa = PBXResourcesBuildPhase;
			buildActionMask = 2147483647;
			files = (
				E3209F061BE1B77600607240 /* .gitignore in Resources */,
				E3209EFE1BE1B6DA00607240 /* LaunchScreen.storyboard in Resources */,
				E3209EFB1BE1B6DA00607240 /* Assets.xcassets in Resources */,
				E3209EF91BE1B6DA00607240 /* Main.storyboard in Resources */,
			);
			runOnlyForDeploymentPostprocessing = 0;
		};
/* End PBXResourcesBuildPhase section */

/* Begin PBXSourcesBuildPhase section */
		E3209EEC1BE1B6DA00607240 /* Sources */ = {
			isa = PBXSourcesBuildPhase;
			buildActionMask = 2147483647;
			files = (
				E3209EF61BE1B6DA00607240 /* ViewController.swift in Sources */,
				E3209EF41BE1B6DA00607240 /* AppDelegate.swift in Sources */,
			);
			runOnlyForDeploymentPostprocessing = 0;
		};
/* End PBXSourcesBuildPhase section */

/* Begin PBXVariantGroup section */
		E3209EF71BE1B6DA00607240 /* Main.storyboard */ = {
			isa = PBXVariantGroup;
			children = (
				E3209EF81BE1B6DA00607240 /* Base */,
			);
			name = Main.storyboard;
			sourceTree = "<group>";
		};
		E3209EFC1BE1B6DA00607240 /* LaunchScreen.storyboard */ = {
			isa = PBXVariantGroup;
			children = (
				E3209EFD1BE1B6DA00607240 /* Base */,
			);
			name = LaunchScreen.storyboard;
			sourceTree = "<group>";
		};
/* End PBXVariantGroup section */

/* Begin XCBuildConfiguration section */
		E3209F001BE1B6DA00607240 /* Debug */ = {
			isa = XCBuildConfiguration;
			buildSettings = {
				ALWAYS_SEARCH_USER_PATHS = NO;
				CLANG_CXX_LANGUAGE_STANDARD = "gnu++0x";
				CLANG_CXX_LIBRARY = "libc++";
				CLANG_ENABLE_MODULES = YES;
				CLANG_ENABLE_OBJC_ARC = YES;
				CLANG_WARN_BOOL_CONVERSION = YES;
				CLANG_WARN_CONSTANT_CONVERSION = YES;
				CLANG_WARN_DIRECT_OBJC_ISA_USAGE = YES_ERROR;
				CLANG_WARN_EMPTY_BODY = YES;
				CLANG_WARN_ENUM_CONVERSION = YES;
				CLANG_WARN_INT_CONVERSION = YES;
				CLANG_WARN_OBJC_ROOT_CLASS = YES_ERROR;
				CLANG_WARN_UNREACHABLE_CODE = YES;
				CLANG_WARN__DUPLICATE_METHOD_MATCH = YES;
				"CODE_SIGN_IDENTITY[sdk=iphoneos*]" = "iPhone Developer";
				COPY_PHASE_STRIP = NO;
				DEBUG_INFORMATION_FORMAT = dwarf;
				ENABLE_STRICT_OBJC_MSGSEND = YES;
				ENABLE_TESTABILITY = YES;
				GCC_C_LANGUAGE_STANDARD = gnu99;
				GCC_DYNAMIC_NO_PIC = NO;
				GCC_NO_COMMON_BLOCKS = YES;
				GCC_OPTIMIZATION_LEVEL = 0;
				GCC_PREPROCESSOR_DEFINITIONS = (
					"DEBUG=1",
					"$(inherited)",
				);
				GCC_WARN_64_TO_32_BIT_CONVERSION = YES;
				GCC_WARN_ABOUT_RETURN_TYPE = YES_ERROR;
				GCC_WARN_UNDECLARED_SELECTOR = YES;
				GCC_WARN_UNINITIALIZED_AUTOS = YES_AGGRESSIVE;
				GCC_WARN_UNUSED_FUNCTION = YES;
				GCC_WARN_UNUSED_VARIABLE = YES;
				IPHONEOS_DEPLOYMENT_TARGET = 9.0;
				MTL_ENABLE_DEBUG_INFO = YES;
				ONLY_ACTIVE_ARCH = YES;
				SDKROOT = iphoneos;
				SWIFT_OPTIMIZATION_LEVEL = "-Onone";
			};
			name = Debug;
		};
		E3209F011BE1B6DA00607240 /* Release */ = {
			isa = XCBuildConfiguration;
			buildSettings = {
				ALWAYS_SEARCH_USER_PATHS = NO;
				CLANG_CXX_LANGUAGE_STANDARD = "gnu++0x";
				CLANG_CXX_LIBRARY = "libc++";
				CLANG_ENABLE_MODULES = YES;
				CLANG_ENABLE_OBJC_ARC = YES;
				CLANG_WARN_BOOL_CONVERSION = YES;
				CLANG_WARN_CONSTANT_CONVERSION = YES;
				CLANG_WARN_DIRECT_OBJC_ISA_USAGE = YES_ERROR;
				CLANG_WARN_EMPTY_BODY = YES;
				CLANG_WARN_ENUM_CONVERSION = YES;
				CLANG_WARN_INT_CONVERSION = YES;
				CLANG_WARN_OBJC_ROOT_CLASS = YES_ERROR;
				CLANG_WARN_UNREACHABLE_CODE = YES;
				CLANG_WARN__DUPLICATE_METHOD_MATCH = YES;
				"CODE_SIGN_IDENTITY[sdk=iphoneos*]" = "iPhone Developer";
				COPY_PHASE_STRIP = NO;
				DEBUG_INFORMATION_FORMAT = "dwarf-with-dsym";
				ENABLE_NS_ASSERTIONS = NO;
				ENABLE_STRICT_OBJC_MSGSEND = YES;
				GCC_C_LANGUAGE_STANDARD = gnu99;
				GCC_NO_COMMON_BLOCKS = YES;
				GCC_WARN_64_TO_32_BIT_CONVERSION = YES;
				GCC_WARN_ABOUT_RETURN_TYPE = YES_ERROR;
				GCC_WARN_UNDECLARED_SELECTOR = YES;
				GCC_WARN_UNINITIALIZED_AUTOS = YES_AGGRESSIVE;
				GCC_WARN_UNUSED_FUNCTION = YES;
				GCC_WARN_UNUSED_VARIABLE = YES;
				IPHONEOS_DEPLOYMENT_TARGET = 9.0;
				MTL_ENABLE_DEBUG_INFO = NO;
				SDKROOT = iphoneos;
				VALIDATE_PRODUCT = YES;
			};
			name = Release;
		};
		E3209F031BE1B6DA00607240 /* Debug */ = {
			isa = XCBuildConfiguration;
			buildSettings = {
				ASSETCATALOG_COMPILER_APPICON_NAME = AppIcon;
				INFOPLIST_FILE = "nwood-utils/Info.plist";
				LD_RUNPATH_SEARCH_PATHS = "$(inherited) @executable_path/Frameworks";
				PRODUCT_BUNDLE_IDENTIFIER = "com.nicholiswood.nwood-utils";
				PRODUCT_NAME = "$(TARGET_NAME)";
			};
			name = Debug;
		};
		E3209F041BE1B6DA00607240 /* Release */ = {
			isa = XCBuildConfiguration;
			buildSettings = {
				ASSETCATALOG_COMPILER_APPICON_NAME = AppIcon;
				INFOPLIST_FILE = "nwood-utils/Info.plist";
				LD_RUNPATH_SEARCH_PATHS = "$(inherited) @executable_path/Frameworks";
				PRODUCT_BUNDLE_IDENTIFIER = "com.nicholiswood.nwood-utils";
				PRODUCT_NAME = "$(TARGET_NAME)";
			};
			name = Release;
		};
/* End XCBuildConfiguration section */

/* Begin XCConfigurationList section */
		E3209EEB1BE1B6DA00607240 /* Build configuration list for PBXProject "nwood-utils" */ = {
			isa = XCConfigurationList;
			buildConfigurations = (
				E3209F001BE1B6DA00607240 /* Debug */,
				E3209F011BE1B6DA00607240 /* Release */,
			);
			defaultConfigurationIsVisible = 0;
			defaultConfigurationName = Release;
		};
		E3209F021BE1B6DA00607240 /* Build configuration list for PBXNativeTarget "nwood-utils" */ = {
			isa = XCConfigurationList;
			buildConfigurations = (
				E3209F031BE1B6DA00607240 /* Debug */,
				E3209F041BE1B6DA00607240 /* Release */,
			);
			defaultConfigurationIsVisible = 0;
		};
/* End XCConfigurationList section */
	};
	rootObject = E3209EE81BE1B6DA00607240 /* Project object */;
}
